
Microsoft Visual Studio Solution File, Format Version 12.00
# Visual Studio Version 16
VisualStudioVersion = 16.0.29728.190
MinimumVisualStudioVersion = 10.0.40219.1
Project("{FAE04EC0-301F-11D3-BF4B-00C04F79EFBC}") = "DSTEd Publisher", "DSTEd Publisher\DSTEd Publisher.csproj", "{369C8C04-9FCC-455C-8275-D3D5CE070FA1}"
EndProject
Global
	GlobalSection(SolutionConfigurationPlatforms) = preSolution
		Debug|Any CPU = Debug|Any CPU
		Release|Any CPU = Release|Any CPU
	EndGlobalSection
	GlobalSection(ProjectConfigurationPlatforms) = postSolution
		{369C8C04-9FCC-455C-8275-D3D5CE070FA1}.Debug|Any CPU.ActiveCfg = Debug|Any CPU
		{369C8C04-9FCC-455C-8275-D3D5CE070FA1}.Debug|Any CPU.Build.0 = Debug|Any CPU
		{369C8C04-9FCC-455C-8275-D3D5CE070FA1}.Release|Any CPU.ActiveCfg = Release|Any CPU
		{369C8C04-9FCC-455C-8275-D3D5CE070FA1}.Release|Any CPU.Build.0 = Release|Any CPU
	EndGlobalSection
	GlobalSection(SolutionProperties) = preSolution
		HideSolutionNode = FALSE
	EndGlobalSection
	GlobalSection(ExtensibilityGlobals) = postSolution
		SolutionGuid = {A69DDAB0-5121-4CB8-A9DC-A0D3BB42EA97}
	EndGlobalSection
EndGlobal
